
Microsoft Visual Studio Solution File, Format Version 12.00
# Visual Studio Version 17
VisualStudioVersion = 17.8.34525.116
MinimumVisualStudioVersion = 10.0.40219.1
Project("{FAE04EC0-301F-11D3-BF4B-00C04F79EFBC}") = "WebAPI", "WebAPI\WebAPI.csproj", "{FDD6DC6E-B0AB-4F69-8BEB-93FA7FF7BC62}"
EndProject
Project("{FAE04EC0-301F-11D3-BF4B-00C04F79EFBC}") = "Repository", "Repository\Repository.csproj", "{900CB906-28DB-46B7-AEFE-68C9BE78DABB}"
EndProject
Project("{FAE04EC0-301F-11D3-BF4B-00C04F79EFBC}") = "Service", "Service\Service.csproj", "{A8295849-E07F-42BF-8AFD-3F778BBB2550}"
EndProject
Project("{FAE04EC0-301F-11D3-BF4B-00C04F79EFBC}") = "BusinessObject", "BusinessObject\BusinessObject.csproj", "{12410F2F-0459-470E-ACF1-6A7BF3BFA5F2}"
EndProject
Project("{2150E333-8FDC-42A3-9474-1A3956D46DE8}") = "Note", "Note", "{7D7087D4-8060-41F2-9E82-DD183722618C}"
	ProjectSection(SolutionItems) = preProject
		DB.txt = DB.txt
	EndProjectSection
EndProject
Global
	GlobalSection(SolutionConfigurationPlatforms) = preSolution
		Debug|Any CPU = Debug|Any CPU
		Release|Any CPU = Release|Any CPU
	EndGlobalSection
	GlobalSection(ProjectConfigurationPlatforms) = postSolution
		{FDD6DC6E-B0AB-4F69-8BEB-93FA7FF7BC62}.Debug|Any CPU.ActiveCfg = Debug|Any CPU
		{FDD6DC6E-B0AB-4F69-8BEB-93FA7FF7BC62}.Debug|Any CPU.Build.0 = Debug|Any CPU
		{FDD6DC6E-B0AB-4F69-8BEB-93FA7FF7BC62}.Release|Any CPU.ActiveCfg = Release|Any CPU
		{FDD6DC6E-B0AB-4F69-8BEB-93FA7FF7BC62}.Release|Any CPU.Build.0 = Release|Any CPU
		{900CB906-28DB-46B7-AEFE-68C9BE78DABB}.Debug|Any CPU.ActiveCfg = Debug|Any CPU
		{900CB906-28DB-46B7-AEFE-68C9BE78DABB}.Debug|Any CPU.Build.0 = Debug|Any CPU
		{900CB906-28DB-46B7-AEFE-68C9BE78DABB}.Release|Any CPU.ActiveCfg = Release|Any CPU
		{900CB906-28DB-46B7-AEFE-68C9BE78DABB}.Release|Any CPU.Build.0 = Release|Any CPU
		{A8295849-E07F-42BF-8AFD-3F778BBB2550}.Debug|Any CPU.ActiveCfg = Debug|Any CPU
		{A8295849-E07F-42BF-8AFD-3F778BBB2550}.Debug|Any CPU.Build.0 = Debug|Any CPU
		{A8295849-E07F-42BF-8AFD-3F778BBB2550}.Release|Any CPU.ActiveCfg = Release|Any CPU
		{A8295849-E07F-42BF-8AFD-3F778BBB2550}.Release|Any CPU.Build.0 = Release|Any CPU
		{12410F2F-0459-470E-ACF1-6A7BF3BFA5F2}.Debug|Any CPU.ActiveCfg = Debug|Any CPU
		{12410F2F-0459-470E-ACF1-6A7BF3BFA5F2}.Debug|Any CPU.Build.0 = Debug|Any CPU
		{12410F2F-0459-470E-ACF1-6A7BF3BFA5F2}.Release|Any CPU.ActiveCfg = Release|Any CPU
		{12410F2F-0459-470E-ACF1-6A7BF3BFA5F2}.Release|Any CPU.Build.0 = Release|Any CPU
	EndGlobalSection
	GlobalSection(SolutionProperties) = preSolution
		HideSolutionNode = FALSE
	EndGlobalSection
	GlobalSection(ExtensibilityGlobals) = postSolution
		SolutionGuid = {1CE573BF-FEE2-4A43-BB2F-576D6E25794E}
	EndGlobalSection
EndGlobal
